{
  "name": "core-setup-express",
  "version": "1.0.0",
  "lockfileVersion": 3,
  "requires": true,
  "packages": {
    "": {
      "name": "core-setup-express",
      "version": "1.0.0",
      "license": "MIT",
      "dependencies": {
        "app-root-path": "^3.1.0",
        "core-setup-express": "file:core-setup-express-1.0.0.tgz"
      },
      "bin": {
        "jarvis": "index.js"
      }
    },
    "node_modules/app-root-path": {
      "version": "3.1.0",
      "resolved": "https://registry.npmjs.org/app-root-path/-/app-root-path-3.1.0.tgz",
      "integrity": "sha512-biN3PwB2gUtjaYy/isrU3aNWI5w+fAfvHkSvCKeQGxhmYpwKFUxudR3Yya+KqVRHBmEDYh+/lTozYCFbmzX4nA==",
      "engines": {
        "node": ">= 6.0.0"
      }
    },
    "node_modules/core-setup-express": {
      "version": "1.0.0",
      "resolved": "file:core-setup-express-1.0.0.tgz",
      "integrity": "sha512-l9STWLQ2VHw8bITJBoQJtVHbouJqO5BSSOkl38zfz8GEPPnZW9fdgDV9kUtuhM9ErqXI5sWJwFCje1UN8IKEdA==",
      "dependencies": {
        "app-root-path": "^3.1.0"
      },
      "bin": {
        "jarvis": "index.js"
      }
    }
  }
}
